
Microsoft Visual Studio Solution File, Format Version 12.00
# Visual Studio Version 17
VisualStudioVersion = 17.4.33213.308
MinimumVisualStudioVersion = 10.0.40219.1
Project("{FAE04EC0-301F-11D3-BF4B-00C04F79EFBC}") = "CustomerService1", "CustomerService1\CustomerService1.csproj", "{31ED20CA-A89C-42CD-BB2C-C86DD807F340}"
EndProject
Global
	GlobalSection(SolutionConfigurationPlatforms) = preSolution
		Debug|Any CPU = Debug|Any CPU
		Release|Any CPU = Release|Any CPU
	EndGlobalSection
	GlobalSection(ProjectConfigurationPlatforms) = postSolution
		{31ED20CA-A89C-42CD-BB2C-C86DD807F340}.Debug|Any CPU.ActiveCfg = Debug|Any CPU
		{31ED20CA-A89C-42CD-BB2C-C86DD807F340}.Debug|Any CPU.Build.0 = Debug|Any CPU
		{31ED20CA-A89C-42CD-BB2C-C86DD807F340}.Release|Any CPU.ActiveCfg = Release|Any CPU
		{31ED20CA-A89C-42CD-BB2C-C86DD807F340}.Release|Any CPU.Build.0 = Release|Any CPU
	EndGlobalSection
	GlobalSection(SolutionProperties) = preSolution
		HideSolutionNode = FALSE
	EndGlobalSection
	GlobalSection(ExtensibilityGlobals) = postSolution
		SolutionGuid = {0E672232-76EF-4726-9178-FBFE42E71FB1}
	EndGlobalSection
EndGlobal
