
Microsoft Visual Studio Solution File, Format Version 12.00
# Visual Studio Version 17
VisualStudioVersion = 17.3.32929.385
MinimumVisualStudioVersion = 10.0.40219.1
Project("{FAE04EC0-301F-11D3-BF4B-00C04F79EFBC}") = "OvlascenoLice", "OvlascenoLice\OvlascenoLice.csproj", "{E8304C07-5229-452C-B374-EAF9D4751960}"
EndProject
Global
	GlobalSection(SolutionConfigurationPlatforms) = preSolution
		Debug|Any CPU = Debug|Any CPU
		Release|Any CPU = Release|Any CPU
	EndGlobalSection
	GlobalSection(ProjectConfigurationPlatforms) = postSolution
		{E8304C07-5229-452C-B374-EAF9D4751960}.Debug|Any CPU.ActiveCfg = Debug|Any CPU
		{E8304C07-5229-452C-B374-EAF9D4751960}.Debug|Any CPU.Build.0 = Debug|Any CPU
		{E8304C07-5229-452C-B374-EAF9D4751960}.Release|Any CPU.ActiveCfg = Release|Any CPU
		{E8304C07-5229-452C-B374-EAF9D4751960}.Release|Any CPU.Build.0 = Release|Any CPU
	EndGlobalSection
	GlobalSection(SolutionProperties) = preSolution
		HideSolutionNode = FALSE
	EndGlobalSection
	GlobalSection(ExtensibilityGlobals) = postSolution
		SolutionGuid = {9A35BDD7-E93D-40BB-9EF7-B56BB2090D85}
	EndGlobalSection
EndGlobal
